
Microsoft Visual Studio Solution File, Format Version 12.00
# Visual Studio Version 17
VisualStudioVersion = 17.5.002.0
MinimumVisualStudioVersion = 10.0.40219.1
Project("{9A19103F-16F7-4668-BE54-9A1E7A4F7556}") = "Task003", "Task003.csproj", "{998D2DBC-E03B-410C-B3C4-B722719FD3BF}"
EndProject
Project("{FAE04EC0-301F-11D3-BF4B-00C04F79EFBC}") = "Task_061", "..\Task_061\Task_061.csproj", "{637F31D4-FE23-4D15-AE08-4423AC14F4CA}"
EndProject
Project("{FAE04EC0-301F-11D3-BF4B-00C04F79EFBC}") = "Task_062", "..\Task_062\Task_062.csproj", "{F5D8A943-03C1-421F-8F5F-F4C90E2C9C60}"
EndProject
Project("{FAE04EC0-301F-11D3-BF4B-00C04F79EFBC}") = "Task_063", "..\Task_063\Task_063.csproj", "{D912A706-D306-4CCA-A3F8-EEDE40FB0F74}"
EndProject
Project("{FAE04EC0-301F-11D3-BF4B-00C04F79EFBC}") = "Task_064", "..\Task_064\Task_064.csproj", "{E76F4E7F-6DBA-4525-90F2-CA14738F7638}"
EndProject
Project("{FAE04EC0-301F-11D3-BF4B-00C04F79EFBC}") = "Task_071", "..\Task_071\Task_071.csproj", "{B5700DA2-7007-4373-A58D-8B1113F8D643}"
EndProject
Project("{FAE04EC0-301F-11D3-BF4B-00C04F79EFBC}") = "Task_072", "..\Task_072\Task_072.csproj", "{42191B9F-700D-4C6B-ABFB-B48EDBB71353}"
EndProject
Project("{FAE04EC0-301F-11D3-BF4B-00C04F79EFBC}") = "Task_073", "..\Task_073\Task_073.csproj", "{41B17100-65E7-4363-B0B9-7376F0D1758E}"
EndProject
Global
	GlobalSection(SolutionConfigurationPlatforms) = preSolution
		Debug|Any CPU = Debug|Any CPU
		Release|Any CPU = Release|Any CPU
	EndGlobalSection
	GlobalSection(ProjectConfigurationPlatforms) = postSolution
		{998D2DBC-E03B-410C-B3C4-B722719FD3BF}.Debug|Any CPU.ActiveCfg = Debug|Any CPU
		{998D2DBC-E03B-410C-B3C4-B722719FD3BF}.Debug|Any CPU.Build.0 = Debug|Any CPU
		{998D2DBC-E03B-410C-B3C4-B722719FD3BF}.Release|Any CPU.ActiveCfg = Release|Any CPU
		{998D2DBC-E03B-410C-B3C4-B722719FD3BF}.Release|Any CPU.Build.0 = Release|Any CPU
		{637F31D4-FE23-4D15-AE08-4423AC14F4CA}.Debug|Any CPU.ActiveCfg = Debug|Any CPU
		{637F31D4-FE23-4D15-AE08-4423AC14F4CA}.Debug|Any CPU.Build.0 = Debug|Any CPU
		{637F31D4-FE23-4D15-AE08-4423AC14F4CA}.Release|Any CPU.ActiveCfg = Release|Any CPU
		{637F31D4-FE23-4D15-AE08-4423AC14F4CA}.Release|Any CPU.Build.0 = Release|Any CPU
		{F5D8A943-03C1-421F-8F5F-F4C90E2C9C60}.Debug|Any CPU.ActiveCfg = Debug|Any CPU
		{F5D8A943-03C1-421F-8F5F-F4C90E2C9C60}.Debug|Any CPU.Build.0 = Debug|Any CPU
		{F5D8A943-03C1-421F-8F5F-F4C90E2C9C60}.Release|Any CPU.ActiveCfg = Release|Any CPU
		{F5D8A943-03C1-421F-8F5F-F4C90E2C9C60}.Release|Any CPU.Build.0 = Release|Any CPU
		{D912A706-D306-4CCA-A3F8-EEDE40FB0F74}.Debug|Any CPU.ActiveCfg = Debug|Any CPU
		{D912A706-D306-4CCA-A3F8-EEDE40FB0F74}.Debug|Any CPU.Build.0 = Debug|Any CPU
		{D912A706-D306-4CCA-A3F8-EEDE40FB0F74}.Release|Any CPU.ActiveCfg = Release|Any CPU
		{D912A706-D306-4CCA-A3F8-EEDE40FB0F74}.Release|Any CPU.Build.0 = Release|Any CPU
		{E76F4E7F-6DBA-4525-90F2-CA14738F7638}.Debug|Any CPU.ActiveCfg = Debug|Any CPU
		{E76F4E7F-6DBA-4525-90F2-CA14738F7638}.Debug|Any CPU.Build.0 = Debug|Any CPU
		{E76F4E7F-6DBA-4525-90F2-CA14738F7638}.Release|Any CPU.ActiveCfg = Release|Any CPU
		{E76F4E7F-6DBA-4525-90F2-CA14738F7638}.Release|Any CPU.Build.0 = Release|Any CPU
		{B5700DA2-7007-4373-A58D-8B1113F8D643}.Debug|Any CPU.ActiveCfg = Debug|Any CPU
		{B5700DA2-7007-4373-A58D-8B1113F8D643}.Debug|Any CPU.Build.0 = Debug|Any CPU
		{B5700DA2-7007-4373-A58D-8B1113F8D643}.Release|Any CPU.ActiveCfg = Release|Any CPU
		{B5700DA2-7007-4373-A58D-8B1113F8D643}.Release|Any CPU.Build.0 = Release|Any CPU
		{42191B9F-700D-4C6B-ABFB-B48EDBB71353}.Debug|Any CPU.ActiveCfg = Debug|Any CPU
		{42191B9F-700D-4C6B-ABFB-B48EDBB71353}.Debug|Any CPU.Build.0 = Debug|Any CPU
		{42191B9F-700D-4C6B-ABFB-B48EDBB71353}.Release|Any CPU.ActiveCfg = Release|Any CPU
		{42191B9F-700D-4C6B-ABFB-B48EDBB71353}.Release|Any CPU.Build.0 = Release|Any CPU
		{41B17100-65E7-4363-B0B9-7376F0D1758E}.Debug|Any CPU.ActiveCfg = Debug|Any CPU
		{41B17100-65E7-4363-B0B9-7376F0D1758E}.Debug|Any CPU.Build.0 = Debug|Any CPU
		{41B17100-65E7-4363-B0B9-7376F0D1758E}.Release|Any CPU.ActiveCfg = Release|Any CPU
		{41B17100-65E7-4363-B0B9-7376F0D1758E}.Release|Any CPU.Build.0 = Release|Any CPU
	EndGlobalSection
	GlobalSection(SolutionProperties) = preSolution
		HideSolutionNode = FALSE
	EndGlobalSection
	GlobalSection(ExtensibilityGlobals) = postSolution
		SolutionGuid = {D149F372-F897-425E-B624-9E4E1E1B0803}
	EndGlobalSection
EndGlobal
